# yaml-language-server: $schema=/Users/rsalesc/Library/Application Support/rbx/schemas/PresetLock.json

name: default
uri: rsalesc/rbx/rbx/resources/presets/default
assets:
- path: statement/template.rbx.tex
  hash: 28799eaf555e1826178c48a542f0c9f31fd921be
- path: statement/olymp.sty
  hash: eeb9bbd95039adc6125350628ef4467935365897
